# THIS IS AN AUTOGENERATED FILE. DO NOT EDIT THIS FILE DIRECTLY.
# yarn lockfile v1


lodash@^4.17.15:
  version "4.17.19"
  resolved "https://registry.yarnpkg.com/lodash/-/lodash-4.17.19.tgz#e48ddedbe30b3321783c5b4301fbd353bc1e4a4b"
  integrity sha512-JNvd8XER9GQX0v2qJgsaN/mzFCNA5BRe/j8JN9d+tWyGLSodKQHKFicdwNYzWwI3wjRnaKPsGj1XkBjx/F96DQ==

moment@^2.25.3:
  version "2.25.3"
  resolved "https://registry.npm.taobao.org/moment/download/moment-2.25.3.tgz#252ff41319cf41e47761a1a88cab30edfe9808c0"
  integrity sha1-JS/0ExnPQeR3YaGojKsw7f6YCMA=

ramda@^0.27.0:
  version "0.27.0"
  resolved "https://registry.npm.taobao.org/ramda/download/ramda-0.27.0.tgz#915dc29865c0800bf3f69b8fd6c279898b59de43"
  integrity sha1-kV3CmGXAgAvz9puP1sJ5iYtZ3kM=
